
Microsoft Visual Studio Solution File, Format Version 12.00
# Visual Studio Version 17
VisualStudioVersion = 17.9.34728.123
MinimumVisualStudioVersion = 10.0.40219.1
Project("{9092AA53-FB77-4645-B42D-1CCCA6BD08BD}") = "webwhitelist", "webwhitelist\webwhitelist.njsproj", "{6AD62CD6-7C29-45BD-96F6-EF003D606C66}"
EndProject
Global
	GlobalSection(SolutionConfigurationPlatforms) = preSolution
		Debug|Any CPU = Debug|Any CPU
		Release|Any CPU = Release|Any CPU
	EndGlobalSection
	GlobalSection(ProjectConfigurationPlatforms) = postSolution
		{6AD62CD6-7C29-45BD-96F6-EF003D606C66}.Debug|Any CPU.ActiveCfg = Debug|Any CPU
		{6AD62CD6-7C29-45BD-96F6-EF003D606C66}.Debug|Any CPU.Build.0 = Debug|Any CPU
		{6AD62CD6-7C29-45BD-96F6-EF003D606C66}.Release|Any CPU.ActiveCfg = Release|Any CPU
		{6AD62CD6-7C29-45BD-96F6-EF003D606C66}.Release|Any CPU.Build.0 = Release|Any CPU
	EndGlobalSection
	GlobalSection(SolutionProperties) = preSolution
		HideSolutionNode = FALSE
	EndGlobalSection
	GlobalSection(ExtensibilityGlobals) = postSolution
		SolutionGuid = {3A328BCB-4DF1-4376-8ABD-5DD6FCD9CA97}
	EndGlobalSection
EndGlobal
